
Microsoft Visual Studio Solution File, Format Version 12.00
# Visual Studio Version 17
VisualStudioVersion = 17.0.32014.148
MinimumVisualStudioVersion = 10.0.40219.1
Project("{FAE04EC0-301F-11D3-BF4B-00C04F79EFBC}") = "CtlRestApi", "CtlRestApi\CtlRestApi.csproj", "{405A2790-1899-447C-82CC-9B9A026D34BA}"
EndProject
Global
	GlobalSection(SolutionConfigurationPlatforms) = preSolution
		Debug|Any CPU = Debug|Any CPU
		Release|Any CPU = Release|Any CPU
	EndGlobalSection
	GlobalSection(ProjectConfigurationPlatforms) = postSolution
		{405A2790-1899-447C-82CC-9B9A026D34BA}.Debug|Any CPU.ActiveCfg = Debug|Any CPU
		{405A2790-1899-447C-82CC-9B9A026D34BA}.Debug|Any CPU.Build.0 = Debug|Any CPU
		{405A2790-1899-447C-82CC-9B9A026D34BA}.Release|Any CPU.ActiveCfg = Release|Any CPU
		{405A2790-1899-447C-82CC-9B9A026D34BA}.Release|Any CPU.Build.0 = Release|Any CPU
	EndGlobalSection
	GlobalSection(SolutionProperties) = preSolution
		HideSolutionNode = FALSE
	EndGlobalSection
	GlobalSection(ExtensibilityGlobals) = postSolution
		SolutionGuid = {F0896554-3625-412A-9C4F-616D05DE4578}
	EndGlobalSection
EndGlobal
